
Microsoft Visual Studio Solution File, Format Version 12.00
# Visual Studio Version 17
VisualStudioVersion = 17.5.33424.131
MinimumVisualStudioVersion = 10.0.40219.1
Project("{FAE04EC0-301F-11D3-BF4B-00C04F79EFBC}") = "ComplaintRequestSystem", "ComplaintRequestSystem.csproj", "{22EF1B0D-07BA-410C-9AF1-9495932B47A0}"
EndProject
Project("{2150E333-8FDC-42A3-9474-1A3956D46DE8}") = "Solution Items", "Solution Items", "{60FEF203-BA20-460C-B173-C708C69C352B}"
	ProjectSection(SolutionItems) = preProject
		.editorconfig = .editorconfig
	EndProjectSection
EndProject
Global
	GlobalSection(SolutionConfigurationPlatforms) = preSolution
		Debug|Any CPU = Debug|Any CPU
		Release|Any CPU = Release|Any CPU
	EndGlobalSection
	GlobalSection(ProjectConfigurationPlatforms) = postSolution
		{22EF1B0D-07BA-410C-9AF1-9495932B47A0}.Debug|Any CPU.ActiveCfg = Debug|Any CPU
		{22EF1B0D-07BA-410C-9AF1-9495932B47A0}.Debug|Any CPU.Build.0 = Debug|Any CPU
		{22EF1B0D-07BA-410C-9AF1-9495932B47A0}.Release|Any CPU.ActiveCfg = Release|Any CPU
		{22EF1B0D-07BA-410C-9AF1-9495932B47A0}.Release|Any CPU.Build.0 = Release|Any CPU
	EndGlobalSection
	GlobalSection(SolutionProperties) = preSolution
		HideSolutionNode = FALSE
	EndGlobalSection
	GlobalSection(ExtensibilityGlobals) = postSolution
		SolutionGuid = {79ACA771-2CF0-4016-926B-E3FF61B4D685}
	EndGlobalSection
EndGlobal
